{
    "requires": true,
    "lockfileVersion": 1,
    "dependencies": {
        "bootstrap": {
            "version": "3.3.7",
            "resolved": "https://registry.npmjs.org/bootstrap/-/bootstrap-3.3.7.tgz",
            "integrity": "sha1-WjiTlFSfIzMIdaOxUGVldPip63E="
        },
        "eonasdan-bootstrap-datetimepicker": {
            "version": "4.17.47",
            "resolved": "https://registry.npmjs.org/eonasdan-bootstrap-datetimepicker/-/eonasdan-bootstrap-datetimepicker-4.17.47.tgz",
            "integrity": "sha1-ekmXAEQGUnbnll79Fvgic1IZ5zU=",
            "requires": {
                "bootstrap": "3.3.7",
                "jquery": "3.2.1",
                "moment": "2.18.1",
                "moment-timezone": "0.4.1"
            }
        },
        "jquery": {
            "version": "3.2.1",
            "resolved": "https://registry.npmjs.org/jquery/-/jquery-3.2.1.tgz",
            "integrity": "sha1-XE2d5lKvbNCncBVKYxu6ErAVx4c="
        },
        "moment": {
            "version": "2.18.1",
            "resolved": "https://registry.npmjs.org/moment/-/moment-2.18.1.tgz",
            "integrity": "sha1-w2GT3Tzhwu7SrbfIAtu8d6gbHA8="
        },
        "moment-timezone": {
            "version": "0.4.1",
            "resolved": "https://registry.npmjs.org/moment-timezone/-/moment-timezone-0.4.1.tgz",
            "integrity": "sha1-gfWYw61eIs2teWtn7NjYjQ9bqgY=",
            "requires": {
                "moment": "2.18.1"
            }
        }
    }
}
